// !$*UTF8*$!
{
	archiveVersion = 1;
	classes = {
	};
	objectVersion = 46;
	objects = {

/* Begin PBXBuildFile section */
		EE4D56471E99479B004F795B /* AppDelegate.swift in Sources */ = {isa = PBXBuildFile; fileRef = EE4D56461E99479B004F795B /* AppDelegate.swift */; };
		EE4D56491E99479B004F795B /* ViewController.swift in Sources */ = {isa = PBXBuildFile; fileRef = EE4D56481E99479B004F795B /* ViewController.swift */; };
		EE4D564C1E99479B004F795B /* Main.storyboard in Resources */ = {isa = PBXBuildFile; fileRef = EE4D564A1E99479B004F795B /* Main.storyboard */; };
		EE4D564F1E99479B004F795B /* MyThings.xcdatamodeld in Sources */ = {isa = PBXBuildFile; fileRef = EE4D564D1E99479B004F795B /* MyThings.xcdatamodeld */; };
		EE4D56511E99479B004F795B /* Assets.xcassets in Resources */ = {isa = PBXBuildFile; fileRef = EE4D56501E99479B004F795B /* Assets.xcassets */; };
		EE4D56541E99479B004F795B /* LaunchScreen.storyboard in Resources */ = {isa = PBXBuildFile; fileRef = EE4D56521E99479B004F795B /* LaunchScreen.storyboard */; };
		EEFF76CB1E9D102300EA33B6 /* app.png in Resources */ = {isa = PBXBuildFile; fileRef = EEFF76CA1E9D102300EA33B6 /* app.png */; };
		EEFF76CD1E9D10FE00EA33B6 /* BookViewController.swift in Sources */ = {isa = PBXBuildFile; fileRef = EEFF76CC1E9D10FE00EA33B6 /* BookViewController.swift */; };
/* End PBXBuildFile section */

/* Begin PBXFileReference section */
		EE4D56431E99479B004F795B /* MyThings.app */ = {isa = PBXFileReference; explicitFileType = wrapper.application; includeInIndex = 0; path = MyThings.app; sourceTree = BUILT_PRODUCTS_DIR; };
		EE4D56461E99479B004F795B /* AppDelegate.swift */ = {isa = PBXFileReference; lastKnownFileType = sourcecode.swift; path = AppDelegate.swift; sourceTree = "<group>"; };
		EE4D56481E99479B004F795B /* ViewController.swift */ = {isa = PBXFileReference; lastKnownFileType = sourcecode.swift; path = ViewController.swift; sourceTree = "<group>"; };
		EE4D564B1E99479B004F795B /* Base */ = {isa = PBXFileReference; lastKnownFileType = file.storyboard; name = Base; path = Base.lproj/Main.storyboard; sourceTree = "<group>"; };
		EE4D564E1E99479B004F795B /* MyThings.xcdatamodel */ = {isa = PBXFileReference; lastKnownFileType = wrapper.xcdatamodel; path = MyThings.xcdatamodel; sourceTree = "<group>"; };
		EE4D56501E99479B004F795B /* Assets.xcassets */ = {isa = PBXFileReference; lastKnownFileType = folder.assetcatalog; path = Assets.xcassets; sourceTree = "<group>"; };
		EE4D56531E99479B004F795B /* Base */ = {isa = PBXFileReference; lastKnownFileType = file.storyboard; name = Base; path = Base.lproj/LaunchScreen.storyboard; sourceTree = "<group>"; };
		EE4D56551E99479B004F795B /* Info.plist */ = {isa = PBXFileReference; lastKnownFileType = text.plist.xml; path = Info.plist; sourceTree = "<group>"; };
		EEFF76CA1E9D102300EA33B6 /* app.png */ = {isa = PBXFileReference; lastKnownFileType = image.png; path = app.png; sourceTree = "<group>"; };
		EEFF76CC1E9D10FE00EA33B6 /* BookViewController.swift */ = {isa = PBXFileReference; fileEncoding = 4; lastKnownFileType = sourcecode.swift; path = BookViewController.swift; sourceTree = "<group>"; };
/* End PBXFileReference section */

/* Begin PBXFrameworksBuildPhase section */
		EE4D56401E99479B004F795B /* Frameworks */ = {
			isa = PBXFrameworksBuildPhase;
			buildActionMask = 2147483647;
			files = (
			);
			runOnlyForDeploymentPostprocessing = 0;
		};
/* End PBXFrameworksBuildPhase section */

/* Begin PBXGroup section */
		EE4D563A1E99479B004F795B = {
			isa = PBXGroup;
			children = (
				EE4D56451E99479B004F795B /* MyThings */,
				EE4D56441E99479B004F795B /* Products */,
			);
			sourceTree = "<group>";
		};
		EE4D56441E99479B004F795B /* Products */ = {
			isa = PBXGroup;
			children = (
				EE4D56431E99479B004F795B /* MyThings.app */,
			);
			name = Products;
			sourceTree = "<group>";
		};
		EE4D56451E99479B004F795B /* MyThings */ = {
			isa = PBXGroup;
			children = (
				EEFF76CA1E9D102300EA33B6 /* app.png */,
				EE4D56461E99479B004F795B /* AppDelegate.swift */,
				EE4D56481E99479B004F795B /* ViewController.swift */,
				EE4D564A1E99479B004F795B /* Main.storyboard */,
				EEFF76CC1E9D10FE00EA33B6 /* BookViewController.swift */,
				EE4D56501E99479B004F795B /* Assets.xcassets */,
				EE4D56521E99479B004F795B /* LaunchScreen.storyboard */,
				EE4D56551E99479B004F795B /* Info.plist */,
				EE4D564D1E99479B004F795B /* MyThings.xcdatamodeld */,
			);
			path = MyThings;
			sourceTree = "<group>";
		};
/* End PBXGroup section */

/* Begin PBXNativeTarget section */
		EE4D56421E99479B004F795B /* MyThings */ = {
			isa = PBXNativeTarget;
			buildConfigurationList = EE4D56581E99479B004F795B /* Build configuration list for PBXNativeTarget "MyThings" */;
			buildPhases = (
				EE4D563F1E99479B004F795B /* Sources */,
				EE4D56401E99479B004F795B /* Frameworks */,
				EE4D56411E99479B004F795B /* Resources */,
			);
			buildRules = (
			);
			dependencies = (
			);
			name = MyThings;
			productName = MyThings;
			productReference = EE4D56431E99479B004F795B /* MyThings.app */;
			productType = "com.apple.product-type.application";
		};
/* End PBXNativeTarget section */

/* Begin PBXProject section */
		EE4D563B1E99479B004F795B /* Project object */ = {
			isa = PBXProject;
			attributes = {
				LastSwiftUpdateCheck = 0830;
				LastUpgradeCheck = 0830;
				ORGANIZATIONNAME = "Big Nerd Ranch";
				TargetAttributes = {
					EE4D56421E99479B004F795B = {
						CreatedOnToolsVersion = 8.3;
						ProvisioningStyle = Automatic;
					};
				};
			};
			buildConfigurationList = EE4D563E1E99479B004F795B /* Build configuration list for PBXProject "MyThings" */;
			compatibilityVersion = "Xcode 3.2";
			developmentRegion = English;
			hasScannedForEncodings = 0;
			knownRegions = (
				en,
				Base,
			);
			mainGroup = EE4D563A1E99479B004F795B;
			productRefGroup = EE4D56441E99479B004F795B /* Products */;
			projectDirPath = "";
			projectRoot = "";
			targets = (
				EE4D56421E99479B004F795B /* MyThings */,
			);
		};
/* End PBXProject section */

/* Begin PBXResourcesBuildPhase section */
		EE4D56411E99479B004F795B /* Resources */ = {
			isa = PBXResourcesBuildPhase;
			buildActionMask = 2147483647;
			files = (
				EE4D56541E99479B004F795B /* LaunchScreen.storyboard in Resources */,
				EE4D56511E99479B004F795B /* Assets.xcassets in Resources */,
				EE4D564C1E99479B004F795B /* Main.storyboard in Resources */,
				EEFF76CB1E9D102300EA33B6 /* app.png in Resources */,
			);
			runOnlyForDeploymentPostprocessing = 0;
		};
/* End PBXResourcesBuildPhase section */

/* Begin PBXSourcesBuildPhase section */
		EE4D563F1E99479B004F795B /* Sources */ = {
			isa = PBXSourcesBuildPhase;
			buildActionMask = 2147483647;
			files = (
				EE4D564F1E99479B004F795B /* MyThings.xcdatamodeld in Sources */,
				EEFF76CD1E9D10FE00EA33B6 /* BookViewController.swift in Sources */,
				EE4D56491E99479B004F795B /* ViewController.swift in Sources */,
				EE4D56471E99479B004F795B /* AppDelegate.swift in Sources */,
			);
			runOnlyForDeploymentPostprocessing = 0;
		};
/* End PBXSourcesBuildPhase section */

/* Begin PBXVariantGroup section */
		EE4D564A1E99479B004F795B /* Main.storyboard */ = {
			isa = PBXVariantGroup;
			children = (
				EE4D564B1E99479B004F795B /* Base */,
			);
			name = Main.storyboard;
			sourceTree = "<group>";
		};
		EE4D56521E99479B004F795B /* LaunchScreen.storyboard */ = {
			isa = PBXVariantGroup;
			children = (
				EE4D56531E99479B004F795B /* Base */,
			);
			name = LaunchScreen.storyboard;
			sourceTree = "<group>";
		};
/* End PBXVariantGroup section */

/* Begin XCBuildConfiguration section */
		EE4D56561E99479B004F795B /* Debug */ = {
			isa = XCBuildConfiguration;
			buildSettings = {
				ALWAYS_SEARCH_USER_PATHS = NO;
				CLANG_ANALYZER_NONNULL = YES;
				CLANG_ANALYZER_NUMBER_OBJECT_CONVERSION = YES_AGGRESSIVE;
				CLANG_CXX_LANGUAGE_STANDARD = "gnu++0x";
				CLANG_CXX_LIBRARY = "libc++";
				CLANG_ENABLE_MODULES = YES;
				CLANG_ENABLE_OBJC_ARC = YES;
				CLANG_WARN_BOOL_CONVERSION = YES;
				CLANG_WARN_CONSTANT_CONVERSION = YES;
				CLANG_WARN_DIRECT_OBJC_ISA_USAGE = YES_ERROR;
				CLANG_WARN_DOCUMENTATION_COMMENTS = YES;
				CLANG_WARN_EMPTY_BODY = YES;
				CLANG_WARN_ENUM_CONVERSION = YES;
				CLANG_WARN_INFINITE_RECURSION = YES;
				CLANG_WARN_INT_CONVERSION = YES;
				CLANG_WARN_OBJC_ROOT_CLASS = YES_ERROR;
				CLANG_WARN_SUSPICIOUS_MOVE = YES;
				CLANG_WARN_UNREACHABLE_CODE = YES;
				CLANG_WARN__DUPLICATE_METHOD_MATCH = YES;
				"CODE_SIGN_IDENTITY[sdk=iphoneos*]" = "iPhone Developer";
				COPY_PHASE_STRIP = NO;
				DEBUG_INFORMATION_FORMAT = dwarf;
				ENABLE_STRICT_OBJC_MSGSEND = YES;
				ENABLE_TESTABILITY = YES;
				GCC_C_LANGUAGE_STANDARD = gnu99;
				GCC_DYNAMIC_NO_PIC = NO;
				GCC_NO_COMMON_BLOCKS = YES;
				GCC_OPTIMIZATION_LEVEL = 0;
				GCC_PREPROCESSOR_DEFINITIONS = (
					"DEBUG=1",
					"$(inherited)",
				);
				GCC_WARN_64_TO_32_BIT_CONVERSION = YES;
				GCC_WARN_ABOUT_RETURN_TYPE = YES_ERROR;
				GCC_WARN_UNDECLARED_SELECTOR = YES;
				GCC_WARN_UNINITIALIZED_AUTOS = YES_AGGRESSIVE;
				GCC_WARN_UNUSED_FUNCTION = YES;
				GCC_WARN_UNUSED_VARIABLE = YES;
				IPHONEOS_DEPLOYMENT_TARGET = 10.3;
				MTL_ENABLE_DEBUG_INFO = YES;
				ONLY_ACTIVE_ARCH = YES;
				SDKROOT = iphoneos;
				SWIFT_ACTIVE_COMPILATION_CONDITIONS = DEBUG;
				SWIFT_OPTIMIZATION_LEVEL = "-Onone";
				TARGETED_DEVICE_FAMILY = "1,2";
			};
			name = Debug;
		};
		EE4D56571E99479B004F795B /* Release */ = {
			isa = XCBuildConfiguration;
			buildSettings = {
				ALWAYS_SEARCH_USER_PATHS = NO;
				CLANG_ANALYZER_NONNULL = YES;
				CLANG_ANALYZER_NUMBER_OBJECT_CONVERSION = YES_AGGRESSIVE;
				CLANG_CXX_LANGUAGE_STANDARD = "gnu++0x";
				CLANG_CXX_LIBRARY = "libc++";
				CLANG_ENABLE_MODULES = YES;
				CLANG_ENABLE_OBJC_ARC = YES;
				CLANG_WARN_BOOL_CONVERSION = YES;
				CLANG_WARN_CONSTANT_CONVERSION = YES;
				CLANG_WARN_DIRECT_OBJC_ISA_USAGE = YES_ERROR;
				CLANG_WARN_DOCUMENTATION_COMMENTS = YES;
				CLANG_WARN_EMPTY_BODY = YES;
				CLANG_WARN_ENUM_CONVERSION = YES;
				CLANG_WARN_INFINITE_RECURSION = YES;
				CLANG_WARN_INT_CONVERSION = YES;
				CLANG_WARN_OBJC_ROOT_CLASS = YES_ERROR;
				CLANG_WARN_SUSPICIOUS_MOVE = YES;
				CLANG_WARN_UNREACHABLE_CODE = YES;
				CLANG_WARN__DUPLICATE_METHOD_MATCH = YES;
				"CODE_SIGN_IDENTITY[sdk=iphoneos*]" = "iPhone Developer";
				COPY_PHASE_STRIP = NO;
				DEBUG_INFORMATION_FORMAT = "dwarf-with-dsym";
				ENABLE_NS_ASSERTIONS = NO;
				ENABLE_STRICT_OBJC_MSGSEND = YES;
				GCC_C_LANGUAGE_STANDARD = gnu99;
				GCC_NO_COMMON_BLOCKS = YES;
				GCC_WARN_64_TO_32_BIT_CONVERSION = YES;
				GCC_WARN_ABOUT_RETURN_TYPE = YES_ERROR;
				GCC_WARN_UNDECLARED_SELECTOR = YES;
				GCC_WARN_UNINITIALIZED_AUTOS = YES_AGGRESSIVE;
				GCC_WARN_UNUSED_FUNCTION = YES;
				GCC_WARN_UNUSED_VARIABLE = YES;
				IPHONEOS_DEPLOYMENT_TARGET = 10.3;
				MTL_ENABLE_DEBUG_INFO = NO;
				SDKROOT = iphoneos;
				SWIFT_OPTIMIZATION_LEVEL = "-Owholemodule";
				TARGETED_DEVICE_FAMILY = "1,2";
				VALIDATE_PRODUCT = YES;
			};
			name = Release;
		};
		EE4D56591E99479B004F795B /* Debug */ = {
			isa = XCBuildConfiguration;
			buildSettings = {
				ASSETCATALOG_COMPILER_APPICON_NAME = AppIcon;
				INFOPLIST_FILE = MyThings/Info.plist;
				LD_RUNPATH_SEARCH_PATHS = "$(inherited) @executable_path/Frameworks";
				PRODUCT_BUNDLE_IDENTIFIER = com.bignerdrach.MyThings;
				PRODUCT_NAME = "$(TARGET_NAME)";
				SWIFT_VERSION = 3.0;
			};
			name = Debug;
		};
		EE4D565A1E99479B004F795B /* Release */ = {
			isa = XCBuildConfiguration;
			buildSettings = {
				ASSETCATALOG_COMPILER_APPICON_NAME = AppIcon;
				INFOPLIST_FILE = MyThings/Info.plist;
				LD_RUNPATH_SEARCH_PATHS = "$(inherited) @executable_path/Frameworks";
				PRODUCT_BUNDLE_IDENTIFIER = com.bignerdrach.MyThings;
				PRODUCT_NAME = "$(TARGET_NAME)";
				SWIFT_VERSION = 3.0;
			};
			name = Release;
		};
/* End XCBuildConfiguration section */

/* Begin XCConfigurationList section */
		EE4D563E1E99479B004F795B /* Build configuration list for PBXProject "MyThings" */ = {
			isa = XCConfigurationList;
			buildConfigurations = (
				EE4D56561E99479B004F795B /* Debug */,
				EE4D56571E99479B004F795B /* Release */,
			);
			defaultConfigurationIsVisible = 0;
			defaultConfigurationName = Release;
		};
		EE4D56581E99479B004F795B /* Build configuration list for PBXNativeTarget "MyThings" */ = {
			isa = XCConfigurationList;
			buildConfigurations = (
				EE4D56591E99479B004F795B /* Debug */,
				EE4D565A1E99479B004F795B /* Release */,
			);
			defaultConfigurationIsVisible = 0;
			defaultConfigurationName = Release;
		};
/* End XCConfigurationList section */

/* Begin XCVersionGroup section */
		EE4D564D1E99479B004F795B /* MyThings.xcdatamodeld */ = {
			isa = XCVersionGroup;
			children = (
				EE4D564E1E99479B004F795B /* MyThings.xcdatamodel */,
			);
			currentVersion = EE4D564E1E99479B004F795B /* MyThings.xcdatamodel */;
			path = MyThings.xcdatamodeld;
			sourceTree = "<group>";
			versionGroupType = wrapper.xcdatamodel;
		};
/* End XCVersionGroup section */
	};
	rootObject = EE4D563B1E99479B004F795B /* Project object */;
}
